{
    "requires": true,
    "lockfileVersion": 1,
    "dependencies": {
        "vuetify": {
            "version": "1.5.2",
            "resolved": "https://registry.npmjs.org/vuetify/-/vuetify-1.5.2.tgz",
            "integrity": "sha512-OzXHXklOpfYufV1l8v/av99gty6osJ/acTKqd/4CsRPOW+eyJA4nABXWk+4Qm9eAF/Uuf/fSHOprv4donvTeLw=="
        }
    }
}
